# Written by 'cc-guides render' — do not edit.
schema = 1
version = "0.1.44"
artifacts = [".claude/settings.json", ".gitignore", ".mcp.json", ".pre-commit-config.yaml", "AGENTS.md", "CLAUDE.md"]

[sources.cc-skills]
spec = "github:yasyf/cc-skills@main"
commit = "72679f6ce8068a803c20ad4e6d28a6d7f8c59879"
